// !$*UTF8*$!
{
	archiveVersion = 1;
	classes = {
	};
	objectVersion = 50;
	objects = {

/* Begin PBXBuildFile section */
		41D4C7AD256DE3A100C6F628 /* AppDelegate.swift in Sources */ = {isa = PBXBuildFile; fileRef = 41D4C7AC256DE3A100C6F628 /* AppDelegate.swift */; };
		41D4C7AF256DE3A100C6F628 /* SceneDelegate.swift in Sources */ = {isa = PBXBuildFile; fileRef = 41D4C7AE256DE3A100C6F628 /* SceneDelegate.swift */; };
		41D4C7B1256DE3A100C6F628 /* ViewController.swift in Sources */ = {isa = PBXBuildFile; fileRef = 41D4C7B0256DE3A100C6F628 /* ViewController.swift */; };
		41D4C7B4256DE3A100C6F628 /* Main.storyboard in Resources */ = {isa = PBXBuildFile; fileRef = 41D4C7B2256DE3A100C6F628 /* Main.storyboard */; };
		41D4C7B6256DE3A400C6F628 /* Assets.xcassets in Resources */ = {isa = PBXBuildFile; fileRef = 41D4C7B5256DE3A400C6F628 /* Assets.xcassets */; };
		41D4C7B9256DE3A400C6F628 /* LaunchScreen.storyboard in Resources */ = {isa = PBXBuildFile; fileRef = 41D4C7B7256DE3A400C6F628 /* LaunchScreen.storyboard */; };
/* End PBXBuildFile section */

/* Begin PBXFileReference section */
		41D4C7A9256DE3A100C6F628 /* ObjectsWithCode.app */ = {isa = PBXFileReference; explicitFileType = wrapper.application; includeInIndex = 0; path = ObjectsWithCode.app; sourceTree = BUILT_PRODUCTS_DIR; };
		41D4C7AC256DE3A100C6F628 /* AppDelegate.swift */ = {isa = PBXFileReference; lastKnownFileType = sourcecode.swift; path = AppDelegate.swift; sourceTree = "<group>"; };
		41D4C7AE256DE3A100C6F628 /* SceneDelegate.swift */ = {isa = PBXFileReference; lastKnownFileType = sourcecode.swift; path = SceneDelegate.swift; sourceTree = "<group>"; };
		41D4C7B0256DE3A100C6F628 /* ViewController.swift */ = {isa = PBXFileReference; lastKnownFileType = sourcecode.swift; path = ViewController.swift; sourceTree = "<group>"; };
		41D4C7B3256DE3A100C6F628 /* Base */ = {isa = PBXFileReference; lastKnownFileType = file.storyboard; name = Base; path = Base.lproj/Main.storyboard; sourceTree = "<group>"; };
		41D4C7B5256DE3A400C6F628 /* Assets.xcassets */ = {isa = PBXFileReference; lastKnownFileType = folder.assetcatalog; path = Assets.xcassets; sourceTree = "<group>"; };
		41D4C7B8256DE3A400C6F628 /* Base */ = {isa = PBXFileReference; lastKnownFileType = file.storyboard; name = Base; path = Base.lproj/LaunchScreen.storyboard; sourceTree = "<group>"; };
		41D4C7BA256DE3A400C6F628 /* Info.plist */ = {isa = PBXFileReference; lastKnownFileType = text.plist.xml; path = Info.plist; sourceTree = "<group>"; };
/* End PBXFileReference section */

/* Begin PBXFrameworksBuildPhase section */
		41D4C7A6256DE3A100C6F628 /* Frameworks */ = {
			isa = PBXFrameworksBuildPhase;
			buildActionMask = 2147483647;
			files = (
			);
			runOnlyForDeploymentPostprocessing = 0;
		};
/* End PBXFrameworksBuildPhase section */

/* Begin PBXGroup section */
		41D4C7A0256DE3A100C6F628 = {
			isa = PBXGroup;
			children = (
				41D4C7AB256DE3A100C6F628 /* ObjectsWithCode */,
				41D4C7AA256DE3A100C6F628 /* Products */,
			);
			sourceTree = "<group>";
		};
		41D4C7AA256DE3A100C6F628 /* Products */ = {
			isa = PBXGroup;
			children = (
				41D4C7A9256DE3A100C6F628 /* ObjectsWithCode.app */,
			);
			name = Products;
			sourceTree = "<group>";
		};
		41D4C7AB256DE3A100C6F628 /* ObjectsWithCode */ = {
			isa = PBXGroup;
			children = (
				41D4C7AC256DE3A100C6F628 /* AppDelegate.swift */,
				41D4C7AE256DE3A100C6F628 /* SceneDelegate.swift */,
				41D4C7B0256DE3A100C6F628 /* ViewController.swift */,
				41D4C7B2256DE3A100C6F628 /* Main.storyboard */,
				41D4C7B5256DE3A400C6F628 /* Assets.xcassets */,
				41D4C7B7256DE3A400C6F628 /* LaunchScreen.storyboard */,
				41D4C7BA256DE3A400C6F628 /* Info.plist */,
			);
			path = ObjectsWithCode;
			sourceTree = "<group>";
		};
/* End PBXGroup section */

/* Begin PBXNativeTarget section */
		41D4C7A8256DE3A100C6F628 /* ObjectsWithCode */ = {
			isa = PBXNativeTarget;
			buildConfigurationList = 41D4C7BD256DE3A400C6F628 /* Build configuration list for PBXNativeTarget "ObjectsWithCode" */;
			buildPhases = (
				41D4C7A5256DE3A100C6F628 /* Sources */,
				41D4C7A6256DE3A100C6F628 /* Frameworks */,
				41D4C7A7256DE3A100C6F628 /* Resources */,
			);
			buildRules = (
			);
			dependencies = (
			);
			name = ObjectsWithCode;
			productName = ObjectsWithCode;
			productReference = 41D4C7A9256DE3A100C6F628 /* ObjectsWithCode.app */;
			productType = "com.apple.product-type.application";
		};
/* End PBXNativeTarget section */

/* Begin PBXProject section */
		41D4C7A1256DE3A100C6F628 /* Project object */ = {
			isa = PBXProject;
			attributes = {
				LastSwiftUpdateCheck = 1220;
				LastUpgradeCheck = 1220;
				TargetAttributes = {
					41D4C7A8256DE3A100C6F628 = {
						CreatedOnToolsVersion = 12.2;
					};
				};
			};
			buildConfigurationList = 41D4C7A4256DE3A100C6F628 /* Build configuration list for PBXProject "ObjectsWithCode" */;
			compatibilityVersion = "Xcode 9.3";
			developmentRegion = en;
			hasScannedForEncodings = 0;
			knownRegions = (
				en,
				Base,
			);
			mainGroup = 41D4C7A0256DE3A100C6F628;
			productRefGroup = 41D4C7AA256DE3A100C6F628 /* Products */;
			projectDirPath = "";
			projectRoot = "";
			targets = (
				41D4C7A8256DE3A100C6F628 /* ObjectsWithCode */,
			);
		};
/* End PBXProject section */

/* Begin PBXResourcesBuildPhase section */
		41D4C7A7256DE3A100C6F628 /* Resources */ = {
			isa = PBXResourcesBuildPhase;
			buildActionMask = 2147483647;
			files = (
				41D4C7B9256DE3A400C6F628 /* LaunchScreen.storyboard in Resources */,
				41D4C7B6256DE3A400C6F628 /* Assets.xcassets in Resources */,
				41D4C7B4256DE3A100C6F628 /* Main.storyboard in Resources */,
			);
			runOnlyForDeploymentPostprocessing = 0;
		};
/* End PBXResourcesBuildPhase section */

/* Begin PBXSourcesBuildPhase section */
		41D4C7A5256DE3A100C6F628 /* Sources */ = {
			isa = PBXSourcesBuildPhase;
			buildActionMask = 2147483647;
			files = (
				41D4C7B1256DE3A100C6F628 /* ViewController.swift in Sources */,
				41D4C7AD256DE3A100C6F628 /* AppDelegate.swift in Sources */,
				41D4C7AF256DE3A100C6F628 /* SceneDelegate.swift in Sources */,
			);
			runOnlyForDeploymentPostprocessing = 0;
		};
/* End PBXSourcesBuildPhase section */

/* Begin PBXVariantGroup section */
		41D4C7B2256DE3A100C6F628 /* Main.storyboard */ = {
			isa = PBXVariantGroup;
			children = (
				41D4C7B3256DE3A100C6F628 /* Base */,
			);
			name = Main.storyboard;
			sourceTree = "<group>";
		};
		41D4C7B7256DE3A400C6F628 /* LaunchScreen.storyboard */ = {
			isa = PBXVariantGroup;
			children = (
				41D4C7B8256DE3A400C6F628 /* Base */,
			);
			name = LaunchScreen.storyboard;
			sourceTree = "<group>";
		};
/* End PBXVariantGroup section */

/* Begin XCBuildConfiguration section */
		41D4C7BB256DE3A400C6F628 /* Debug */ = {
			isa = XCBuildConfiguration;
			buildSettings = {
				ALWAYS_SEARCH_USER_PATHS = NO;
				CLANG_ANALYZER_NONNULL = YES;
				CLANG_ANALYZER_NUMBER_OBJECT_CONVERSION = YES_AGGRESSIVE;
				CLANG_CXX_LANGUAGE_STANDARD = "gnu++14";
				CLANG_CXX_LIBRARY = "libc++";
				CLANG_ENABLE_MODULES = YES;
				CLANG_ENABLE_OBJC_ARC = YES;
				CLANG_ENABLE_OBJC_WEAK = YES;
				CLANG_WARN_BLOCK_CAPTURE_AUTORELEASING = YES;
				CLANG_WARN_BOOL_CONVERSION = YES;
				CLANG_WARN_COMMA = YES;
				CLANG_WARN_CONSTANT_CONVERSION = YES;
				CLANG_WARN_DEPRECATED_OBJC_IMPLEMENTATIONS = YES;
				CLANG_WARN_DIRECT_OBJC_ISA_USAGE = YES_ERROR;
				CLANG_WARN_DOCUMENTATION_COMMENTS = YES;
				CLANG_WARN_EMPTY_BODY = YES;
				CLANG_WARN_ENUM_CONVERSION = YES;
				CLANG_WARN_INFINITE_RECURSION = YES;
				CLANG_WARN_INT_CONVERSION = YES;
				CLANG_WARN_NON_LITERAL_NULL_CONVERSION = YES;
				CLANG_WARN_OBJC_IMPLICIT_RETAIN_SELF = YES;
				CLANG_WARN_OBJC_LITERAL_CONVERSION = YES;
				CLANG_WARN_OBJC_ROOT_CLASS = YES_ERROR;
				CLANG_WARN_QUOTED_INCLUDE_IN_FRAMEWORK_HEADER = YES;
				CLANG_WARN_RANGE_LOOP_ANALYSIS = YES;
				CLANG_WARN_STRICT_PROTOTYPES = YES;
				CLANG_WARN_SUSPICIOUS_MOVE = YES;
				CLANG_WARN_UNGUARDED_AVAILABILITY = YES_AGGRESSIVE;
				CLANG_WARN_UNREACHABLE_CODE = YES;
				CLANG_WARN__DUPLICATE_METHOD_MATCH = YES;
				COPY_PHASE_STRIP = NO;
				DEBUG_INFORMATION_FORMAT = dwarf;
				ENABLE_STRICT_OBJC_MSGSEND = YES;
				ENABLE_TESTABILITY = YES;
				GCC_C_LANGUAGE_STANDARD = gnu11;
				GCC_DYNAMIC_NO_PIC = NO;
				GCC_NO_COMMON_BLOCKS = YES;
				GCC_OPTIMIZATION_LEVEL = 0;
				GCC_PREPROCESSOR_DEFINITIONS = (
					"DEBUG=1",
					"$(inherited)",
				);
				GCC_WARN_64_TO_32_BIT_CONVERSION = YES;
				GCC_WARN_ABOUT_RETURN_TYPE = YES_ERROR;
				GCC_WARN_UNDECLARED_SELECTOR = YES;
				GCC_WARN_UNINITIALIZED_AUTOS = YES_AGGRESSIVE;
				GCC_WARN_UNUSED_FUNCTION = YES;
				GCC_WARN_UNUSED_VARIABLE = YES;
				IPHONEOS_DEPLOYMENT_TARGET = 14.2;
				MTL_ENABLE_DEBUG_INFO = INCLUDE_SOURCE;
				MTL_FAST_MATH = YES;
				ONLY_ACTIVE_ARCH = YES;
				SDKROOT = iphoneos;
				SWIFT_ACTIVE_COMPILATION_CONDITIONS = DEBUG;
				SWIFT_OPTIMIZATION_LEVEL = "-Onone";
			};
			name = Debug;
		};
		41D4C7BC256DE3A400C6F628 /* Release */ = {
			isa = XCBuildConfiguration;
			buildSettings = {
				ALWAYS_SEARCH_USER_PATHS = NO;
				CLANG_ANALYZER_NONNULL = YES;
				CLANG_ANALYZER_NUMBER_OBJECT_CONVERSION = YES_AGGRESSIVE;
				CLANG_CXX_LANGUAGE_STANDARD = "gnu++14";
				CLANG_CXX_LIBRARY = "libc++";
				CLANG_ENABLE_MODULES = YES;
				CLANG_ENABLE_OBJC_ARC = YES;
				CLANG_ENABLE_OBJC_WEAK = YES;
				CLANG_WARN_BLOCK_CAPTURE_AUTORELEASING = YES;
				CLANG_WARN_BOOL_CONVERSION = YES;
				CLANG_WARN_COMMA = YES;
				CLANG_WARN_CONSTANT_CONVERSION = YES;
				CLANG_WARN_DEPRECATED_OBJC_IMPLEMENTATIONS = YES;
				CLANG_WARN_DIRECT_OBJC_ISA_USAGE = YES_ERROR;
				CLANG_WARN_DOCUMENTATION_COMMENTS = YES;
				CLANG_WARN_EMPTY_BODY = YES;
				CLANG_WARN_ENUM_CONVERSION = YES;
				CLANG_WARN_INFINITE_RECURSION = YES;
				CLANG_WARN_INT_CONVERSION = YES;
				CLANG_WARN_NON_LITERAL_NULL_CONVERSION = YES;
				CLANG_WARN_OBJC_IMPLICIT_RETAIN_SELF = YES;
				CLANG_WARN_OBJC_LITERAL_CONVERSION = YES;
				CLANG_WARN_OBJC_ROOT_CLASS = YES_ERROR;
				CLANG_WARN_QUOTED_INCLUDE_IN_FRAMEWORK_HEADER = YES;
				CLANG_WARN_RANGE_LOOP_ANALYSIS = YES;
				CLANG_WARN_STRICT_PROTOTYPES = YES;
				CLANG_WARN_SUSPICIOUS_MOVE = YES;
				CLANG_WARN_UNGUARDED_AVAILABILITY = YES_AGGRESSIVE;
				CLANG_WARN_UNREACHABLE_CODE = YES;
				CLANG_WARN__DUPLICATE_METHOD_MATCH = YES;
				COPY_PHASE_STRIP = NO;
				DEBUG_INFORMATION_FORMAT = "dwarf-with-dsym";
				ENABLE_NS_ASSERTIONS = NO;
				ENABLE_STRICT_OBJC_MSGSEND = YES;
				GCC_C_LANGUAGE_STANDARD = gnu11;
				GCC_NO_COMMON_BLOCKS = YES;
				GCC_WARN_64_TO_32_BIT_CONVERSION = YES;
				GCC_WARN_ABOUT_RETURN_TYPE = YES_ERROR;
				GCC_WARN_UNDECLARED_SELECTOR = YES;
				GCC_WARN_UNINITIALIZED_AUTOS = YES_AGGRESSIVE;
				GCC_WARN_UNUSED_FUNCTION = YES;
				GCC_WARN_UNUSED_VARIABLE = YES;
				IPHONEOS_DEPLOYMENT_TARGET = 14.2;
				MTL_ENABLE_DEBUG_INFO = NO;
				MTL_FAST_MATH = YES;
				SDKROOT = iphoneos;
				SWIFT_COMPILATION_MODE = wholemodule;
				SWIFT_OPTIMIZATION_LEVEL = "-O";
				VALIDATE_PRODUCT = YES;
			};
			name = Release;
		};
		41D4C7BE256DE3A400C6F628 /* Debug */ = {
			isa = XCBuildConfiguration;
			buildSettings = {
				ASSETCATALOG_COMPILER_APPICON_NAME = AppIcon;
				ASSETCATALOG_COMPILER_GLOBAL_ACCENT_COLOR_NAME = AccentColor;
				CODE_SIGN_STYLE = Automatic;
				DEVELOPMENT_TEAM = DRGBH45X55;
				INFOPLIST_FILE = ObjectsWithCode/Info.plist;
				LD_RUNPATH_SEARCH_PATHS = (
					"$(inherited)",
					"@executable_path/Frameworks",
				);
				PRODUCT_BUNDLE_IDENTIFIER = com.gustavosilva.ObjectsWithCode;
				PRODUCT_NAME = "$(TARGET_NAME)";
				SWIFT_VERSION = 5.0;
				TARGETED_DEVICE_FAMILY = "1,2";
			};
			name = Debug;
		};
		41D4C7BF256DE3A400C6F628 /* Release */ = {
			isa = XCBuildConfiguration;
			buildSettings = {
				ASSETCATALOG_COMPILER_APPICON_NAME = AppIcon;
				ASSETCATALOG_COMPILER_GLOBAL_ACCENT_COLOR_NAME = AccentColor;
				CODE_SIGN_STYLE = Automatic;
				DEVELOPMENT_TEAM = DRGBH45X55;
				INFOPLIST_FILE = ObjectsWithCode/Info.plist;
				LD_RUNPATH_SEARCH_PATHS = (
					"$(inherited)",
					"@executable_path/Frameworks",
				);
				PRODUCT_BUNDLE_IDENTIFIER = com.gustavosilva.ObjectsWithCode;
				PRODUCT_NAME = "$(TARGET_NAME)";
				SWIFT_VERSION = 5.0;
				TARGETED_DEVICE_FAMILY = "1,2";
			};
			name = Release;
		};
/* End XCBuildConfiguration section */

/* Begin XCConfigurationList section */
		41D4C7A4256DE3A100C6F628 /* Build configuration list for PBXProject "ObjectsWithCode" */ = {
			isa = XCConfigurationList;
			buildConfigurations = (
				41D4C7BB256DE3A400C6F628 /* Debug */,
				41D4C7BC256DE3A400C6F628 /* Release */,
			);
			defaultConfigurationIsVisible = 0;
			defaultConfigurationName = Release;
		};
		41D4C7BD256DE3A400C6F628 /* Build configuration list for PBXNativeTarget "ObjectsWithCode" */ = {
			isa = XCConfigurationList;
			buildConfigurations = (
				41D4C7BE256DE3A400C6F628 /* Debug */,
				41D4C7BF256DE3A400C6F628 /* Release */,
			);
			defaultConfigurationIsVisible = 0;
			defaultConfigurationName = Release;
		};
/* End XCConfigurationList section */
	};
	rootObject = 41D4C7A1256DE3A100C6F628 /* Project object */;
}
